
Microsoft Visual Studio Solution File, Format Version 12.00
# Visual Studio Version 16
VisualStudioVersion = 16.0.31729.503
MinimumVisualStudioVersion = 10.0.40219.1
Project("{8BC9CEB8-8B4A-11D0-8D11-00A0C91BC942}") = "mysql", "mysql\mysql.vcxproj", "{4B94BC57-2D4D-4BB7-9379-CB87E728DE9C}"
EndProject
Global
	GlobalSection(SolutionConfigurationPlatforms) = preSolution
		Debug|x64 = Debug|x64
		Debug|x86 = Debug|x86
		Release|x64 = Release|x64
		Release|x86 = Release|x86
	EndGlobalSection
	GlobalSection(ProjectConfigurationPlatforms) = postSolution
		{4B94BC57-2D4D-4BB7-9379-CB87E728DE9C}.Debug|x64.ActiveCfg = Debug|x64
		{4B94BC57-2D4D-4BB7-9379-CB87E728DE9C}.Debug|x64.Build.0 = Debug|x64
		{4B94BC57-2D4D-4BB7-9379-CB87E728DE9C}.Debug|x86.ActiveCfg = Debug|Win32
		{4B94BC57-2D4D-4BB7-9379-CB87E728DE9C}.Debug|x86.Build.0 = Debug|Win32
		{4B94BC57-2D4D-4BB7-9379-CB87E728DE9C}.Release|x64.ActiveCfg = Release|x64
		{4B94BC57-2D4D-4BB7-9379-CB87E728DE9C}.Release|x64.Build.0 = Release|x64
		{4B94BC57-2D4D-4BB7-9379-CB87E728DE9C}.Release|x86.ActiveCfg = Release|Win32
		{4B94BC57-2D4D-4BB7-9379-CB87E728DE9C}.Release|x86.Build.0 = Release|Win32
	EndGlobalSection
	GlobalSection(SolutionProperties) = preSolution
		HideSolutionNode = FALSE
	EndGlobalSection
	GlobalSection(ExtensibilityGlobals) = postSolution
		SolutionGuid = {23D21D74-C83E-4D8A-9AF9-1A6F04651642}
	EndGlobalSection
EndGlobal
